// !$*UTF8*$!
{
	archiveVersion = 1;
	classes = {
	};
	objectVersion = 55;
	objects = {

/* Begin PBXBuildFile section */
		5D1BEAF329DB6EC500791E8E /* AppDelegate.swift in Sources */ = {isa = PBXBuildFile; fileRef = 5D1BEAF229DB6EC500791E8E /* AppDelegate.swift */; };
		5D1BEAF529DB6EC500791E8E /* SceneDelegate.swift in Sources */ = {isa = PBXBuildFile; fileRef = 5D1BEAF429DB6EC500791E8E /* SceneDelegate.swift */; };
		5D1BEAF729DB6EC500791E8E /* ViewController.swift in Sources */ = {isa = PBXBuildFile; fileRef = 5D1BEAF629DB6EC500791E8E /* ViewController.swift */; };
		5D1BEAFA29DB6EC500791E8E /* Main.storyboard in Resources */ = {isa = PBXBuildFile; fileRef = 5D1BEAF829DB6EC500791E8E /* Main.storyboard */; };
		5D1BEAFD29DB6EC500791E8E /* FinalProjectGym.xcdatamodeld in Sources */ = {isa = PBXBuildFile; fileRef = 5D1BEAFB29DB6EC500791E8E /* FinalProjectGym.xcdatamodeld */; };
		5D1BEAFF29DB6EC700791E8E /* Assets.xcassets in Resources */ = {isa = PBXBuildFile; fileRef = 5D1BEAFE29DB6EC700791E8E /* Assets.xcassets */; };
		5D1BEB0229DB6EC700791E8E /* LaunchScreen.storyboard in Resources */ = {isa = PBXBuildFile; fileRef = 5D1BEB0029DB6EC700791E8E /* LaunchScreen.storyboard */; };
		5D1BEB0A29DB724300791E8E /* SignUpViewController.swift in Sources */ = {isa = PBXBuildFile; fileRef = 5D1BEB0929DB724300791E8E /* SignUpViewController.swift */; };
		5D1BEB0C29DB738500791E8E /* GymTaskViewController.swift in Sources */ = {isa = PBXBuildFile; fileRef = 5D1BEB0B29DB738500791E8E /* GymTaskViewController.swift */; };
		5D1BEB1029DB79F500791E8E /* ScoreViewController.swift in Sources */ = {isa = PBXBuildFile; fileRef = 5D1BEB0F29DB79F500791E8E /* ScoreViewController.swift */; };
		5D6C1A8C29E82E77003295EF /* Toast.swift in Sources */ = {isa = PBXBuildFile; fileRef = 5D6C1A8B29E82E77003295EF /* Toast.swift */; };
		5D6C1A8E29E82EE1003295EF /* enumSegue.swift in Sources */ = {isa = PBXBuildFile; fileRef = 5D6C1A8D29E82EE1003295EF /* enumSegue.swift */; };
		5D6C1A9629E831C6003295EF /* UserModel.swift in Sources */ = {isa = PBXBuildFile; fileRef = 5D6C1A9529E831C6003295EF /* UserModel.swift */; };
		5D6C1A9829E83215003295EF /* UserProvider.swift in Sources */ = {isa = PBXBuildFile; fileRef = 5D6C1A9729E83215003295EF /* UserProvider.swift */; };
		5D6C1A9C29EDED55003295EF /* BmiViewController.swift in Sources */ = {isa = PBXBuildFile; fileRef = 5D6C1A9B29EDED55003295EF /* BmiViewController.swift */; };
/* End PBXBuildFile section */

/* Begin PBXFileReference section */
		5D1BEAEF29DB6EC500791E8E /* FinalProjectGym.app */ = {isa = PBXFileReference; explicitFileType = wrapper.application; includeInIndex = 0; path = FinalProjectGym.app; sourceTree = BUILT_PRODUCTS_DIR; };
		5D1BEAF229DB6EC500791E8E /* AppDelegate.swift */ = {isa = PBXFileReference; lastKnownFileType = sourcecode.swift; path = AppDelegate.swift; sourceTree = "<group>"; };
		5D1BEAF429DB6EC500791E8E /* SceneDelegate.swift */ = {isa = PBXFileReference; lastKnownFileType = sourcecode.swift; path = SceneDelegate.swift; sourceTree = "<group>"; };
		5D1BEAF629DB6EC500791E8E /* ViewController.swift */ = {isa = PBXFileReference; lastKnownFileType = sourcecode.swift; path = ViewController.swift; sourceTree = "<group>"; };
		5D1BEAF929DB6EC500791E8E /* Base */ = {isa = PBXFileReference; lastKnownFileType = file.storyboard; name = Base; path = Base.lproj/Main.storyboard; sourceTree = "<group>"; };
		5D1BEAFC29DB6EC500791E8E /* FinalProjectGym.xcdatamodel */ = {isa = PBXFileReference; lastKnownFileType = wrapper.xcdatamodel; path = FinalProjectGym.xcdatamodel; sourceTree = "<group>"; };
		5D1BEAFE29DB6EC700791E8E /* Assets.xcassets */ = {isa = PBXFileReference; lastKnownFileType = folder.assetcatalog; path = Assets.xcassets; sourceTree = "<group>"; };
		5D1BEB0129DB6EC700791E8E /* Base */ = {isa = PBXFileReference; lastKnownFileType = file.storyboard; name = Base; path = Base.lproj/LaunchScreen.storyboard; sourceTree = "<group>"; };
		5D1BEB0329DB6EC700791E8E /* Info.plist */ = {isa = PBXFileReference; lastKnownFileType = text.plist.xml; path = Info.plist; sourceTree = "<group>"; };
		5D1BEB0929DB724300791E8E /* SignUpViewController.swift */ = {isa = PBXFileReference; lastKnownFileType = sourcecode.swift; path = SignUpViewController.swift; sourceTree = "<group>"; };
		5D1BEB0B29DB738500791E8E /* GymTaskViewController.swift */ = {isa = PBXFileReference; lastKnownFileType = sourcecode.swift; path = GymTaskViewController.swift; sourceTree = "<group>"; };
		5D1BEB0F29DB79F500791E8E /* ScoreViewController.swift */ = {isa = PBXFileReference; lastKnownFileType = sourcecode.swift; path = ScoreViewController.swift; sourceTree = "<group>"; };
		5D6C1A8B29E82E77003295EF /* Toast.swift */ = {isa = PBXFileReference; fileEncoding = 4; lastKnownFileType = sourcecode.swift; path = Toast.swift; sourceTree = "<group>"; };
		5D6C1A8D29E82EE1003295EF /* enumSegue.swift */ = {isa = PBXFileReference; fileEncoding = 4; lastKnownFileType = sourcecode.swift; path = enumSegue.swift; sourceTree = "<group>"; };
		5D6C1A9529E831C6003295EF /* UserModel.swift */ = {isa = PBXFileReference; fileEncoding = 4; lastKnownFileType = sourcecode.swift; path = UserModel.swift; sourceTree = "<group>"; };
		5D6C1A9729E83215003295EF /* UserProvider.swift */ = {isa = PBXFileReference; fileEncoding = 4; lastKnownFileType = sourcecode.swift; path = UserProvider.swift; sourceTree = "<group>"; };
		5D6C1A9B29EDED55003295EF /* BmiViewController.swift */ = {isa = PBXFileReference; lastKnownFileType = sourcecode.swift; path = BmiViewController.swift; sourceTree = "<group>"; };
/* End PBXFileReference section */

/* Begin PBXFrameworksBuildPhase section */
		5D1BEAEC29DB6EC500791E8E /* Frameworks */ = {
			isa = PBXFrameworksBuildPhase;
			buildActionMask = 2147483647;
			files = (
			);
			runOnlyForDeploymentPostprocessing = 0;
		};
/* End PBXFrameworksBuildPhase section */

/* Begin PBXGroup section */
		5D1BEAE629DB6EC500791E8E = {
			isa = PBXGroup;
			children = (
				5D1BEAF129DB6EC500791E8E /* FinalProjectGym */,
				5D1BEAF029DB6EC500791E8E /* Products */,
			);
			sourceTree = "<group>";
		};
		5D1BEAF029DB6EC500791E8E /* Products */ = {
			isa = PBXGroup;
			children = (
				5D1BEAEF29DB6EC500791E8E /* FinalProjectGym.app */,
			);
			name = Products;
			sourceTree = "<group>";
		};
		5D1BEAF129DB6EC500791E8E /* FinalProjectGym */ = {
			isa = PBXGroup;
			children = (
				5D6C1A9429E8319E003295EF /* Service */,
				5D6C1A9229E83184003295EF /* Model */,
				5D6C1A9129E83158003295EF /* Controller */,
				5D6C1A9029E8314A003295EF /* View */,
				5D6C1A8F29E8312F003295EF /* Source */,
				5D1BEAF229DB6EC500791E8E /* AppDelegate.swift */,
				5D1BEAF429DB6EC500791E8E /* SceneDelegate.swift */,
				5D1BEAFE29DB6EC700791E8E /* Assets.xcassets */,
				5D1BEB0029DB6EC700791E8E /* LaunchScreen.storyboard */,
				5D1BEB0329DB6EC700791E8E /* Info.plist */,
				5D1BEAFB29DB6EC500791E8E /* FinalProjectGym.xcdatamodeld */,
			);
			path = FinalProjectGym;
			sourceTree = "<group>";
		};
		5D6C1A8F29E8312F003295EF /* Source */ = {
			isa = PBXGroup;
			children = (
				5D6C1A8D29E82EE1003295EF /* enumSegue.swift */,
				5D6C1A8B29E82E77003295EF /* Toast.swift */,
			);
			path = Source;
			sourceTree = "<group>";
		};
		5D6C1A9029E8314A003295EF /* View */ = {
			isa = PBXGroup;
			children = (
				5D1BEAF829DB6EC500791E8E /* Main.storyboard */,
			);
			path = View;
			sourceTree = "<group>";
		};
		5D6C1A9129E83158003295EF /* Controller */ = {
			isa = PBXGroup;
			children = (
				5D1BEAF629DB6EC500791E8E /* ViewController.swift */,
				5D1BEB0929DB724300791E8E /* SignUpViewController.swift */,
				5D1BEB0B29DB738500791E8E /* GymTaskViewController.swift */,
				5D1BEB0F29DB79F500791E8E /* ScoreViewController.swift */,
				5D6C1A9B29EDED55003295EF /* BmiViewController.swift */,
			);
			path = Controller;
			sourceTree = "<group>";
		};
		5D6C1A9229E83184003295EF /* Model */ = {
			isa = PBXGroup;
			children = (
				5D6C1A9529E831C6003295EF /* UserModel.swift */,
			);
			path = Model;
			sourceTree = "<group>";
		};
		5D6C1A9429E8319E003295EF /* Service */ = {
			isa = PBXGroup;
			children = (
				5D6C1A9729E83215003295EF /* UserProvider.swift */,
			);
			path = Service;
			sourceTree = "<group>";
		};
/* End PBXGroup section */

/* Begin PBXNativeTarget section */
		5D1BEAEE29DB6EC500791E8E /* FinalProjectGym */ = {
			isa = PBXNativeTarget;
			buildConfigurationList = 5D1BEB0629DB6EC700791E8E /* Build configuration list for PBXNativeTarget "FinalProjectGym" */;
			buildPhases = (
				5D1BEAEB29DB6EC500791E8E /* Sources */,
				5D1BEAEC29DB6EC500791E8E /* Frameworks */,
				5D1BEAED29DB6EC500791E8E /* Resources */,
			);
			buildRules = (
			);
			dependencies = (
			);
			name = FinalProjectGym;
			productName = FinalProjectGym;
			productReference = 5D1BEAEF29DB6EC500791E8E /* FinalProjectGym.app */;
			productType = "com.apple.product-type.application";
		};
/* End PBXNativeTarget section */

/* Begin PBXProject section */
		5D1BEAE729DB6EC500791E8E /* Project object */ = {
			isa = PBXProject;
			attributes = {
				BuildIndependentTargetsInParallel = 1;
				LastSwiftUpdateCheck = 1320;
				LastUpgradeCheck = 1320;
				TargetAttributes = {
					5D1BEAEE29DB6EC500791E8E = {
						CreatedOnToolsVersion = 13.2;
					};
				};
			};
			buildConfigurationList = 5D1BEAEA29DB6EC500791E8E /* Build configuration list for PBXProject "FinalProjectGym" */;
			compatibilityVersion = "Xcode 13.0";
			developmentRegion = en;
			hasScannedForEncodings = 0;
			knownRegions = (
				en,
				Base,
			);
			mainGroup = 5D1BEAE629DB6EC500791E8E;
			productRefGroup = 5D1BEAF029DB6EC500791E8E /* Products */;
			projectDirPath = "";
			projectRoot = "";
			targets = (
				5D1BEAEE29DB6EC500791E8E /* FinalProjectGym */,
			);
		};
/* End PBXProject section */

/* Begin PBXResourcesBuildPhase section */
		5D1BEAED29DB6EC500791E8E /* Resources */ = {
			isa = PBXResourcesBuildPhase;
			buildActionMask = 2147483647;
			files = (
				5D1BEB0229DB6EC700791E8E /* LaunchScreen.storyboard in Resources */,
				5D1BEAFF29DB6EC700791E8E /* Assets.xcassets in Resources */,
				5D1BEAFA29DB6EC500791E8E /* Main.storyboard in Resources */,
			);
			runOnlyForDeploymentPostprocessing = 0;
		};
/* End PBXResourcesBuildPhase section */

/* Begin PBXSourcesBuildPhase section */
		5D1BEAEB29DB6EC500791E8E /* Sources */ = {
			isa = PBXSourcesBuildPhase;
			buildActionMask = 2147483647;
			files = (
				5D1BEAF729DB6EC500791E8E /* ViewController.swift in Sources */,
				5D1BEAF329DB6EC500791E8E /* AppDelegate.swift in Sources */,
				5D6C1A8E29E82EE1003295EF /* enumSegue.swift in Sources */,
				5D1BEAFD29DB6EC500791E8E /* FinalProjectGym.xcdatamodeld in Sources */,
				5D1BEB0C29DB738500791E8E /* GymTaskViewController.swift in Sources */,
				5D1BEAF529DB6EC500791E8E /* SceneDelegate.swift in Sources */,
				5D1BEB0A29DB724300791E8E /* SignUpViewController.swift in Sources */,
				5D6C1A9829E83215003295EF /* UserProvider.swift in Sources */,
				5D6C1A8C29E82E77003295EF /* Toast.swift in Sources */,
				5D6C1A9C29EDED55003295EF /* BmiViewController.swift in Sources */,
				5D1BEB1029DB79F500791E8E /* ScoreViewController.swift in Sources */,
				5D6C1A9629E831C6003295EF /* UserModel.swift in Sources */,
			);
			runOnlyForDeploymentPostprocessing = 0;
		};
/* End PBXSourcesBuildPhase section */

/* Begin PBXVariantGroup section */
		5D1BEAF829DB6EC500791E8E /* Main.storyboard */ = {
			isa = PBXVariantGroup;
			children = (
				5D1BEAF929DB6EC500791E8E /* Base */,
			);
			name = Main.storyboard;
			sourceTree = "<group>";
		};
		5D1BEB0029DB6EC700791E8E /* LaunchScreen.storyboard */ = {
			isa = PBXVariantGroup;
			children = (
				5D1BEB0129DB6EC700791E8E /* Base */,
			);
			name = LaunchScreen.storyboard;
			sourceTree = "<group>";
		};
/* End PBXVariantGroup section */

/* Begin XCBuildConfiguration section */
		5D1BEB0429DB6EC700791E8E /* Debug */ = {
			isa = XCBuildConfiguration;
			buildSettings = {
				ALWAYS_SEARCH_USER_PATHS = NO;
				CLANG_ANALYZER_NONNULL = YES;
				CLANG_ANALYZER_NUMBER_OBJECT_CONVERSION = YES_AGGRESSIVE;
				CLANG_CXX_LANGUAGE_STANDARD = "gnu++17";
				CLANG_CXX_LIBRARY = "libc++";
				CLANG_ENABLE_MODULES = YES;
				CLANG_ENABLE_OBJC_ARC = YES;
				CLANG_ENABLE_OBJC_WEAK = YES;
				CLANG_WARN_BLOCK_CAPTURE_AUTORELEASING = YES;
				CLANG_WARN_BOOL_CONVERSION = YES;
				CLANG_WARN_COMMA = YES;
				CLANG_WARN_CONSTANT_CONVERSION = YES;
				CLANG_WARN_DEPRECATED_OBJC_IMPLEMENTATIONS = YES;
				CLANG_WARN_DIRECT_OBJC_ISA_USAGE = YES_ERROR;
				CLANG_WARN_DOCUMENTATION_COMMENTS = YES;
				CLANG_WARN_EMPTY_BODY = YES;
				CLANG_WARN_ENUM_CONVERSION = YES;
				CLANG_WARN_INFINITE_RECURSION = YES;
				CLANG_WARN_INT_CONVERSION = YES;
				CLANG_WARN_NON_LITERAL_NULL_CONVERSION = YES;
				CLANG_WARN_OBJC_IMPLICIT_RETAIN_SELF = YES;
				CLANG_WARN_OBJC_LITERAL_CONVERSION = YES;
				CLANG_WARN_OBJC_ROOT_CLASS = YES_ERROR;
				CLANG_WARN_QUOTED_INCLUDE_IN_FRAMEWORK_HEADER = YES;
				CLANG_WARN_RANGE_LOOP_ANALYSIS = YES;
				CLANG_WARN_STRICT_PROTOTYPES = YES;
				CLANG_WARN_SUSPICIOUS_MOVE = YES;
				CLANG_WARN_UNGUARDED_AVAILABILITY = YES_AGGRESSIVE;
				CLANG_WARN_UNREACHABLE_CODE = YES;
				CLANG_WARN__DUPLICATE_METHOD_MATCH = YES;
				COPY_PHASE_STRIP = NO;
				DEBUG_INFORMATION_FORMAT = dwarf;
				ENABLE_STRICT_OBJC_MSGSEND = YES;
				ENABLE_TESTABILITY = YES;
				GCC_C_LANGUAGE_STANDARD = gnu11;
				GCC_DYNAMIC_NO_PIC = NO;
				GCC_NO_COMMON_BLOCKS = YES;
				GCC_OPTIMIZATION_LEVEL = 0;
				GCC_PREPROCESSOR_DEFINITIONS = (
					"DEBUG=1",
					"$(inherited)",
				);
				GCC_WARN_64_TO_32_BIT_CONVERSION = YES;
				GCC_WARN_ABOUT_RETURN_TYPE = YES_ERROR;
				GCC_WARN_UNDECLARED_SELECTOR = YES;
				GCC_WARN_UNINITIALIZED_AUTOS = YES_AGGRESSIVE;
				GCC_WARN_UNUSED_FUNCTION = YES;
				GCC_WARN_UNUSED_VARIABLE = YES;
				IPHONEOS_DEPLOYMENT_TARGET = 15.2;
				MTL_ENABLE_DEBUG_INFO = INCLUDE_SOURCE;
				MTL_FAST_MATH = YES;
				ONLY_ACTIVE_ARCH = YES;
				SDKROOT = iphoneos;
				SWIFT_ACTIVE_COMPILATION_CONDITIONS = DEBUG;
				SWIFT_OPTIMIZATION_LEVEL = "-Onone";
			};
			name = Debug;
		};
		5D1BEB0529DB6EC700791E8E /* Release */ = {
			isa = XCBuildConfiguration;
			buildSettings = {
				ALWAYS_SEARCH_USER_PATHS = NO;
				CLANG_ANALYZER_NONNULL = YES;
				CLANG_ANALYZER_NUMBER_OBJECT_CONVERSION = YES_AGGRESSIVE;
				CLANG_CXX_LANGUAGE_STANDARD = "gnu++17";
				CLANG_CXX_LIBRARY = "libc++";
				CLANG_ENABLE_MODULES = YES;
				CLANG_ENABLE_OBJC_ARC = YES;
				CLANG_ENABLE_OBJC_WEAK = YES;
				CLANG_WARN_BLOCK_CAPTURE_AUTORELEASING = YES;
				CLANG_WARN_BOOL_CONVERSION = YES;
				CLANG_WARN_COMMA = YES;
				CLANG_WARN_CONSTANT_CONVERSION = YES;
				CLANG_WARN_DEPRECATED_OBJC_IMPLEMENTATIONS = YES;
				CLANG_WARN_DIRECT_OBJC_ISA_USAGE = YES_ERROR;
				CLANG_WARN_DOCUMENTATION_COMMENTS = YES;
				CLANG_WARN_EMPTY_BODY = YES;
				CLANG_WARN_ENUM_CONVERSION = YES;
				CLANG_WARN_INFINITE_RECURSION = YES;
				CLANG_WARN_INT_CONVERSION = YES;
				CLANG_WARN_NON_LITERAL_NULL_CONVERSION = YES;
				CLANG_WARN_OBJC_IMPLICIT_RETAIN_SELF = YES;
				CLANG_WARN_OBJC_LITERAL_CONVERSION = YES;
				CLANG_WARN_OBJC_ROOT_CLASS = YES_ERROR;
				CLANG_WARN_QUOTED_INCLUDE_IN_FRAMEWORK_HEADER = YES;
				CLANG_WARN_RANGE_LOOP_ANALYSIS = YES;
				CLANG_WARN_STRICT_PROTOTYPES = YES;
				CLANG_WARN_SUSPICIOUS_MOVE = YES;
				CLANG_WARN_UNGUARDED_AVAILABILITY = YES_AGGRESSIVE;
				CLANG_WARN_UNREACHABLE_CODE = YES;
				CLANG_WARN__DUPLICATE_METHOD_MATCH = YES;
				COPY_PHASE_STRIP = NO;
				DEBUG_INFORMATION_FORMAT = "dwarf-with-dsym";
				ENABLE_NS_ASSERTIONS = NO;
				ENABLE_STRICT_OBJC_MSGSEND = YES;
				GCC_C_LANGUAGE_STANDARD = gnu11;
				GCC_NO_COMMON_BLOCKS = YES;
				GCC_WARN_64_TO_32_BIT_CONVERSION = YES;
				GCC_WARN_ABOUT_RETURN_TYPE = YES_ERROR;
				GCC_WARN_UNDECLARED_SELECTOR = YES;
				GCC_WARN_UNINITIALIZED_AUTOS = YES_AGGRESSIVE;
				GCC_WARN_UNUSED_FUNCTION = YES;
				GCC_WARN_UNUSED_VARIABLE = YES;
				IPHONEOS_DEPLOYMENT_TARGET = 15.2;
				MTL_ENABLE_DEBUG_INFO = NO;
				MTL_FAST_MATH = YES;
				SDKROOT = iphoneos;
				SWIFT_COMPILATION_MODE = wholemodule;
				SWIFT_OPTIMIZATION_LEVEL = "-O";
				VALIDATE_PRODUCT = YES;
			};
			name = Release;
		};
		5D1BEB0729DB6EC700791E8E /* Debug */ = {
			isa = XCBuildConfiguration;
			buildSettings = {
				ASSETCATALOG_COMPILER_APPICON_NAME = AppIcon;
				ASSETCATALOG_COMPILER_GLOBAL_ACCENT_COLOR_NAME = AccentColor;
				CODE_SIGN_STYLE = Automatic;
				CURRENT_PROJECT_VERSION = 1;
				GENERATE_INFOPLIST_FILE = YES;
				INFOPLIST_FILE = FinalProjectGym/Info.plist;
				INFOPLIST_KEY_UIApplicationSupportsIndirectInputEvents = YES;
				INFOPLIST_KEY_UILaunchStoryboardName = LaunchScreen;
				INFOPLIST_KEY_UIMainStoryboardFile = Main;
				INFOPLIST_KEY_UISupportedInterfaceOrientations_iPad = "UIInterfaceOrientationPortrait UIInterfaceOrientationPortraitUpsideDown UIInterfaceOrientationLandscapeLeft UIInterfaceOrientationLandscapeRight";
				INFOPLIST_KEY_UISupportedInterfaceOrientations_iPhone = "UIInterfaceOrientationPortrait UIInterfaceOrientationLandscapeLeft UIInterfaceOrientationLandscapeRight";
				LD_RUNPATH_SEARCH_PATHS = (
					"$(inherited)",
					"@executable_path/Frameworks",
				);
				MARKETING_VERSION = 1.0;
				PRODUCT_BUNDLE_IDENTIFIER = Gym.FinalProjectGym;
				PRODUCT_NAME = "$(TARGET_NAME)";
				SWIFT_EMIT_LOC_STRINGS = YES;
				SWIFT_VERSION = 5.0;
				TARGETED_DEVICE_FAMILY = "1,2";
			};
			name = Debug;
		};
		5D1BEB0829DB6EC700791E8E /* Release */ = {
			isa = XCBuildConfiguration;
			buildSettings = {
				ASSETCATALOG_COMPILER_APPICON_NAME = AppIcon;
				ASSETCATALOG_COMPILER_GLOBAL_ACCENT_COLOR_NAME = AccentColor;
				CODE_SIGN_STYLE = Automatic;
				CURRENT_PROJECT_VERSION = 1;
				GENERATE_INFOPLIST_FILE = YES;
				INFOPLIST_FILE = FinalProjectGym/Info.plist;
				INFOPLIST_KEY_UIApplicationSupportsIndirectInputEvents = YES;
				INFOPLIST_KEY_UILaunchStoryboardName = LaunchScreen;
				INFOPLIST_KEY_UIMainStoryboardFile = Main;
				INFOPLIST_KEY_UISupportedInterfaceOrientations_iPad = "UIInterfaceOrientationPortrait UIInterfaceOrientationPortraitUpsideDown UIInterfaceOrientationLandscapeLeft UIInterfaceOrientationLandscapeRight";
				INFOPLIST_KEY_UISupportedInterfaceOrientations_iPhone = "UIInterfaceOrientationPortrait UIInterfaceOrientationLandscapeLeft UIInterfaceOrientationLandscapeRight";
				LD_RUNPATH_SEARCH_PATHS = (
					"$(inherited)",
					"@executable_path/Frameworks",
				);
				MARKETING_VERSION = 1.0;
				PRODUCT_BUNDLE_IDENTIFIER = Gym.FinalProjectGym;
				PRODUCT_NAME = "$(TARGET_NAME)";
				SWIFT_EMIT_LOC_STRINGS = YES;
				SWIFT_VERSION = 5.0;
				TARGETED_DEVICE_FAMILY = "1,2";
			};
			name = Release;
		};
/* End XCBuildConfiguration section */

/* Begin XCConfigurationList section */
		5D1BEAEA29DB6EC500791E8E /* Build configuration list for PBXProject "FinalProjectGym" */ = {
			isa = XCConfigurationList;
			buildConfigurations = (
				5D1BEB0429DB6EC700791E8E /* Debug */,
				5D1BEB0529DB6EC700791E8E /* Release */,
			);
			defaultConfigurationIsVisible = 0;
			defaultConfigurationName = Release;
		};
		5D1BEB0629DB6EC700791E8E /* Build configuration list for PBXNativeTarget "FinalProjectGym" */ = {
			isa = XCConfigurationList;
			buildConfigurations = (
				5D1BEB0729DB6EC700791E8E /* Debug */,
				5D1BEB0829DB6EC700791E8E /* Release */,
			);
			defaultConfigurationIsVisible = 0;
			defaultConfigurationName = Release;
		};
/* End XCConfigurationList section */

/* Begin XCVersionGroup section */
		5D1BEAFB29DB6EC500791E8E /* FinalProjectGym.xcdatamodeld */ = {
			isa = XCVersionGroup;
			children = (
				5D1BEAFC29DB6EC500791E8E /* FinalProjectGym.xcdatamodel */,
			);
			currentVersion = 5D1BEAFC29DB6EC500791E8E /* FinalProjectGym.xcdatamodel */;
			path = FinalProjectGym.xcdatamodeld;
			sourceTree = "<group>";
			versionGroupType = wrapper.xcdatamodel;
		};
/* End XCVersionGroup section */
	};
	rootObject = 5D1BEAE729DB6EC500791E8E /* Project object */;
}
